
Microsoft Visual Studio Solution File, Format Version 12.00
# Visual Studio Version 17
VisualStudioVersion = 17.0.31903.59
MinimumVisualStudioVersion = 10.0.40219.1
Project("{2150E333-8FDC-42A3-9474-1A3956D46DE8}") = "src", "src", "{DBEA2004-5AF0-43F4-9B6A-F299056D87B7}"
EndProject
Project("{9A19103F-16F7-4668-BE54-9A1E7A4F7556}") = "WEventViewer", "src\WEventViewer\WEventViewer.csproj", "{8341A7C3-A124-45AC-88F3-943943A81854}"
EndProject
Project("{2150E333-8FDC-42A3-9474-1A3956D46DE8}") = "package-licenses", "package-licenses", "{F4A0E95C-19FB-4832-93B1-95C97940C368}"
	ProjectSection(SolutionItems) = preProject
		LICENSE-package.txt = LICENSE-package.txt
		LICENSE.txt = LICENSE.txt
	EndProjectSection
EndProject
Project("{9A19103F-16F7-4668-BE54-9A1E7A4F7556}") = "nukebuild", "build\nukebuild.csproj", "{4A68C488-E8DA-4D4E-A299-CC0C78EC5590}"
EndProject
Global
	GlobalSection(SolutionConfigurationPlatforms) = preSolution
		Debug|Any CPU = Debug|Any CPU
		Release|Any CPU = Release|Any CPU
	EndGlobalSection
	GlobalSection(ProjectConfigurationPlatforms) = postSolution
		{4A68C488-E8DA-4D4E-A299-CC0C78EC5590}.Debug|Any CPU.ActiveCfg = Debug|Any CPU
		{4A68C488-E8DA-4D4E-A299-CC0C78EC5590}.Release|Any CPU.ActiveCfg = Release|Any CPU
		{8341A7C3-A124-45AC-88F3-943943A81854}.Debug|Any CPU.ActiveCfg = Debug|Any CPU
		{8341A7C3-A124-45AC-88F3-943943A81854}.Debug|Any CPU.Build.0 = Debug|Any CPU
		{8341A7C3-A124-45AC-88F3-943943A81854}.Release|Any CPU.ActiveCfg = Release|Any CPU
		{8341A7C3-A124-45AC-88F3-943943A81854}.Release|Any CPU.Build.0 = Release|Any CPU
	EndGlobalSection
	GlobalSection(SolutionProperties) = preSolution
		HideSolutionNode = FALSE
	EndGlobalSection
	GlobalSection(NestedProjects) = preSolution
		{8341A7C3-A124-45AC-88F3-943943A81854} = {DBEA2004-5AF0-43F4-9B6A-F299056D87B7}
	EndGlobalSection
	GlobalSection(ExtensibilityGlobals) = postSolution
		SolutionGuid = {89C2DE27-9B07-431C-B61D-5E6A13475203}
	EndGlobalSection
EndGlobal
